// !$*UTF8*$!
{
	archiveVersion = 1;
	classes = {
	};
	objectVersion = 55;
	objects = {

/* Begin PBXBuildFile section */
		07CE09A9C2D8FC6BA5B867E1 /* Pods_VBC.framework in Frameworks */ = {isa = PBXBuildFile; fileRef = 6054D27C5A017FA5A794711A /* Pods_VBC.framework */; };
		D00463F7276BA259005B13F7 /* PopUpCardViewController.swift in Sources */ = {isa = PBXBuildFile; fileRef = D00463F6276BA258005B13F7 /* PopUpCardViewController.swift */; };
		D00463F9276BA78F005B13F7 /* PhoneNumbers.swift in Sources */ = {isa = PBXBuildFile; fileRef = D00463F8276BA78F005B13F7 /* PhoneNumbers.swift */; };
		D0080A9427806C3E005E193B /* PersonalContactListVC.swift in Sources */ = {isa = PBXBuildFile; fileRef = D0080A9327806C3E005E193B /* PersonalContactListVC.swift */; };
		D00F0A2F272449EE00A6331B /* AppDelegate.swift in Sources */ = {isa = PBXBuildFile; fileRef = D00F0A2E272449EE00A6331B /* AppDelegate.swift */; };
		D00F0A31272449EE00A6331B /* SceneDelegate.swift in Sources */ = {isa = PBXBuildFile; fileRef = D00F0A30272449EE00A6331B /* SceneDelegate.swift */; };
		D00F0A33272449EE00A6331B /* HomeViewController.swift in Sources */ = {isa = PBXBuildFile; fileRef = D00F0A32272449EE00A6331B /* HomeViewController.swift */; };
		D00F0A36272449EE00A6331B /* Main.storyboard in Resources */ = {isa = PBXBuildFile; fileRef = D00F0A34272449EE00A6331B /* Main.storyboard */; };
		D00F0A38272449F400A6331B /* Assets.xcassets in Resources */ = {isa = PBXBuildFile; fileRef = D00F0A37272449F400A6331B /* Assets.xcassets */; };
		D00F0A3B272449F400A6331B /* LaunchScreen.storyboard in Resources */ = {isa = PBXBuildFile; fileRef = D00F0A39272449F400A6331B /* LaunchScreen.storyboard */; };
		D00F0A61272452D300A6331B /* LoginViewController.swift in Sources */ = {isa = PBXBuildFile; fileRef = D00F0A60272452D300A6331B /* LoginViewController.swift */; };
		D00F0A652724591300A6331B /* RegisterViewController.swift in Sources */ = {isa = PBXBuildFile; fileRef = D00F0A642724591300A6331B /* RegisterViewController.swift */; };
		D013C646277A421E0017F26F /* ContactListVC.swift in Sources */ = {isa = PBXBuildFile; fileRef = D013C645277A421D0017F26F /* ContactListVC.swift */; };
		D0144F74272D52D200576083 /* CardViewController.swift in Sources */ = {isa = PBXBuildFile; fileRef = D0144F73272D52D200576083 /* CardViewController.swift */; };
		D016DFD9272ABDE10041B633 /* WelcomeViewController.swift in Sources */ = {isa = PBXBuildFile; fileRef = D016DFD8272ABDE10041B633 /* WelcomeViewController.swift */; };
		D016DFDB272ABF7A0041B633 /* VerifyViewController.swift in Sources */ = {isa = PBXBuildFile; fileRef = D016DFDA272ABF790041B633 /* VerifyViewController.swift */; };
		D01EF8F1272D233000146DDC /* HomeViewCell.swift in Sources */ = {isa = PBXBuildFile; fileRef = D01EF8EF272D233000146DDC /* HomeViewCell.swift */; };
		D01EF8F2272D233000146DDC /* HomeViewCell.xib in Resources */ = {isa = PBXBuildFile; fileRef = D01EF8F0272D233000146DDC /* HomeViewCell.xib */; };
		D02C356C2777924B008E2CA2 /* PAdd1VC.swift in Sources */ = {isa = PBXBuildFile; fileRef = D02C356B2777924B008E2CA2 /* PAdd1VC.swift */; };
		D02C356E2777926E008E2CA2 /* PAdd2VC.swift in Sources */ = {isa = PBXBuildFile; fileRef = D02C356D2777926E008E2CA2 /* PAdd2VC.swift */; };
		D02C35702777A0B1008E2CA2 /* PAdd3VC.swift in Sources */ = {isa = PBXBuildFile; fileRef = D02C356F2777A0B1008E2CA2 /* PAdd3VC.swift */; };
		D0317F6227818F9400E67776 /* SocialMedia.swift in Sources */ = {isa = PBXBuildFile; fileRef = D0317F6127818F9400E67776 /* SocialMedia.swift */; };
		D07BC3622773A0FB00711110 /* CardPopUpCell.swift in Sources */ = {isa = PBXBuildFile; fileRef = D07BC3602773A0FB00711110 /* CardPopUpCell.swift */; };
		D07BC3632773A0FB00711110 /* CardPopUpCell.xib in Resources */ = {isa = PBXBuildFile; fileRef = D07BC3612773A0FB00711110 /* CardPopUpCell.xib */; };
		D08E9292275974F700846EA4 /* LogoImage.swift in Sources */ = {isa = PBXBuildFile; fileRef = D08E9291275974F700846EA4 /* LogoImage.swift */; };
		D0955D242767BCF7009E9CA7 /* ShowVBC.swift in Sources */ = {isa = PBXBuildFile; fileRef = D0955D232767BCF7009E9CA7 /* ShowVBC.swift */; };
		D0A7196E274138C1000B2E1F /* AddNewVBCViewController.swift in Sources */ = {isa = PBXBuildFile; fileRef = D0A7196D274138C1000B2E1F /* AddNewVBCViewController.swift */; };
		D0A71970274138EC000B2E1F /* CAdd2ViewController.swift in Sources */ = {isa = PBXBuildFile; fileRef = D0A7196F274138EC000B2E1F /* CAdd2ViewController.swift */; };
		D0A7197227413922000B2E1F /* CAdd3ViewController.swift in Sources */ = {isa = PBXBuildFile; fileRef = D0A7197127413922000B2E1F /* CAdd3ViewController.swift */; };
		D0A7197427414415000B2E1F /* FinishedAddVBCViewController.swift in Sources */ = {isa = PBXBuildFile; fileRef = D0A7197327414415000B2E1F /* FinishedAddVBCViewController.swift */; };
		D0AB29C3273AFCF300A43EF2 /* CardsViewController.swift in Sources */ = {isa = PBXBuildFile; fileRef = D0AB29C2273AFCF300A43EF2 /* CardsViewController.swift */; };
		D0AB29C5273B204800A43EF2 /* CAdd1ViewController.swift in Sources */ = {isa = PBXBuildFile; fileRef = D0AB29C4273B204800A43EF2 /* CAdd1ViewController.swift */; };
		D0BD582E272891EE002C6525 /* Constants.swift in Sources */ = {isa = PBXBuildFile; fileRef = D0BD582D272891EE002C6525 /* Constants.swift */; };
		D0CF1CD3273DB51900599EF5 /* Sectors.swift in Sources */ = {isa = PBXBuildFile; fileRef = D0CF1CD2273DB51900599EF5 /* Sectors.swift */; };
		D0D6A5782743104700773C52 /* MultiplePlaces.swift in Sources */ = {isa = PBXBuildFile; fileRef = D0D6A5772743104700773C52 /* MultiplePlaces.swift */; };
		D0D6A57A27431AF000773C52 /* AddListViewController.swift in Sources */ = {isa = PBXBuildFile; fileRef = D0D6A57927431AF000773C52 /* AddListViewController.swift */; };
		D0D6A57F27431B6800773C52 /* AddLocListTableViewCell.swift in Sources */ = {isa = PBXBuildFile; fileRef = D0D6A57D27431B6800773C52 /* AddLocListTableViewCell.swift */; };
		D0D6A58027431B6800773C52 /* AddLocListTableViewCell.xib in Resources */ = {isa = PBXBuildFile; fileRef = D0D6A57E27431B6800773C52 /* AddLocListTableViewCell.xib */; };
		D0E7753E272D7322001FB9F8 /* AboutViewController.swift in Sources */ = {isa = PBXBuildFile; fileRef = D0E7753D272D7321001FB9F8 /* AboutViewController.swift */; };
		D0E8BD492742BE0700B0AB0D /* Country.swift in Sources */ = {isa = PBXBuildFile; fileRef = D0E8BD482742BE0600B0AB0D /* Country.swift */; };
		D0FB84AE27249B8E0053D4BF /* GoogleService-Info.plist in Resources */ = {isa = PBXBuildFile; fileRef = D0FB84AD27249B8E0053D4BF /* GoogleService-Info.plist */; };
/* End PBXBuildFile section */

/* Begin PBXContainerItemProxy section */
		D00F0A42272449F500A6331B /* PBXContainerItemProxy */ = {
			isa = PBXContainerItemProxy;
			containerPortal = D00F0A23272449EE00A6331B /* Project object */;
			proxyType = 1;
			remoteGlobalIDString = D00F0A2A272449EE00A6331B;
			remoteInfo = VBC;
		};
		D00F0A4C272449F500A6331B /* PBXContainerItemProxy */ = {
			isa = PBXContainerItemProxy;
			containerPortal = D00F0A23272449EE00A6331B /* Project object */;
			proxyType = 1;
			remoteGlobalIDString = D00F0A2A272449EE00A6331B;
			remoteInfo = VBC;
		};
/* End PBXContainerItemProxy section */

/* Begin PBXFileReference section */
		5775DE092B764DC759113030 /* Pods-VBC.release.xcconfig */ = {isa = PBXFileReference; includeInIndex = 1; lastKnownFileType = text.xcconfig; name = "Pods-VBC.release.xcconfig"; path = "Target Support Files/Pods-VBC/Pods-VBC.release.xcconfig"; sourceTree = "<group>"; };
		6054D27C5A017FA5A794711A /* Pods_VBC.framework */ = {isa = PBXFileReference; explicitFileType = wrapper.framework; includeInIndex = 0; path = Pods_VBC.framework; sourceTree = BUILT_PRODUCTS_DIR; };
		D00463F6276BA258005B13F7 /* PopUpCardViewController.swift */ = {isa = PBXFileReference; lastKnownFileType = sourcecode.swift; path = PopUpCardViewController.swift; sourceTree = "<group>"; };
		D00463F8276BA78F005B13F7 /* PhoneNumbers.swift */ = {isa = PBXFileReference; lastKnownFileType = sourcecode.swift; path = PhoneNumbers.swift; sourceTree = "<group>"; };
		D0080A9327806C3E005E193B /* PersonalContactListVC.swift */ = {isa = PBXFileReference; lastKnownFileType = sourcecode.swift; path = PersonalContactListVC.swift; sourceTree = "<group>"; };
		D00F0A2B272449EE00A6331B /* VBC.app */ = {isa = PBXFileReference; explicitFileType = wrapper.application; includeInIndex = 0; path = VBC.app; sourceTree = BUILT_PRODUCTS_DIR; };
		D00F0A2E272449EE00A6331B /* AppDelegate.swift */ = {isa = PBXFileReference; lastKnownFileType = sourcecode.swift; path = AppDelegate.swift; sourceTree = "<group>"; };
		D00F0A30272449EE00A6331B /* SceneDelegate.swift */ = {isa = PBXFileReference; lastKnownFileType = sourcecode.swift; path = SceneDelegate.swift; sourceTree = "<group>"; };
		D00F0A32272449EE00A6331B /* HomeViewController.swift */ = {isa = PBXFileReference; lastKnownFileType = sourcecode.swift; path = HomeViewController.swift; sourceTree = "<group>"; };
		D00F0A35272449EE00A6331B /* Base */ = {isa = PBXFileReference; lastKnownFileType = file.storyboard; name = Base; path = Base.lproj/Main.storyboard; sourceTree = "<group>"; };
		D00F0A37272449F400A6331B /* Assets.xcassets */ = {isa = PBXFileReference; lastKnownFileType = folder.assetcatalog; path = Assets.xcassets; sourceTree = "<group>"; };
		D00F0A3A272449F400A6331B /* Base */ = {isa = PBXFileReference; lastKnownFileType = file.storyboard; name = Base; path = Base.lproj/LaunchScreen.storyboard; sourceTree = "<group>"; };
		D00F0A3C272449F400A6331B /* Info.plist */ = {isa = PBXFileReference; lastKnownFileType = text.plist.xml; path = Info.plist; sourceTree = "<group>"; };
		D00F0A41272449F500A6331B /* VBCTests.xctest */ = {isa = PBXFileReference; explicitFileType = wrapper.cfbundle; includeInIndex = 0; path = VBCTests.xctest; sourceTree = BUILT_PRODUCTS_DIR; };
		D00F0A4B272449F500A6331B /* VBCUITests.xctest */ = {isa = PBXFileReference; explicitFileType = wrapper.cfbundle; includeInIndex = 0; path = VBCUITests.xctest; sourceTree = BUILT_PRODUCTS_DIR; };
		D00F0A60272452D300A6331B /* LoginViewController.swift */ = {isa = PBXFileReference; lastKnownFileType = sourcecode.swift; path = LoginViewController.swift; sourceTree = "<group>"; };
		D00F0A642724591300A6331B /* RegisterViewController.swift */ = {isa = PBXFileReference; lastKnownFileType = sourcecode.swift; path = RegisterViewController.swift; sourceTree = "<group>"; };
		D013C645277A421D0017F26F /* ContactListVC.swift */ = {isa = PBXFileReference; lastKnownFileType = sourcecode.swift; path = ContactListVC.swift; sourceTree = "<group>"; };
		D0144F73272D52D200576083 /* CardViewController.swift */ = {isa = PBXFileReference; lastKnownFileType = sourcecode.swift; path = CardViewController.swift; sourceTree = "<group>"; };
		D016DFD8272ABDE10041B633 /* WelcomeViewController.swift */ = {isa = PBXFileReference; lastKnownFileType = sourcecode.swift; path = WelcomeViewController.swift; sourceTree = "<group>"; };
		D016DFDA272ABF790041B633 /* VerifyViewController.swift */ = {isa = PBXFileReference; lastKnownFileType = sourcecode.swift; path = VerifyViewController.swift; sourceTree = "<group>"; };
		D01EF8EF272D233000146DDC /* HomeViewCell.swift */ = {isa = PBXFileReference; lastKnownFileType = sourcecode.swift; path = HomeViewCell.swift; sourceTree = "<group>"; };
		D01EF8F0272D233000146DDC /* HomeViewCell.xib */ = {isa = PBXFileReference; lastKnownFileType = file.xib; path = HomeViewCell.xib; sourceTree = "<group>"; };
		D02C356B2777924B008E2CA2 /* PAdd1VC.swift */ = {isa = PBXFileReference; lastKnownFileType = sourcecode.swift; path = PAdd1VC.swift; sourceTree = "<group>"; };
		D02C356D2777926E008E2CA2 /* PAdd2VC.swift */ = {isa = PBXFileReference; lastKnownFileType = sourcecode.swift; path = PAdd2VC.swift; sourceTree = "<group>"; };
		D02C356F2777A0B1008E2CA2 /* PAdd3VC.swift */ = {isa = PBXFileReference; lastKnownFileType = sourcecode.swift; path = PAdd3VC.swift; sourceTree = "<group>"; };
		D0317F6127818F9400E67776 /* SocialMedia.swift */ = {isa = PBXFileReference; lastKnownFileType = sourcecode.swift; path = SocialMedia.swift; sourceTree = "<group>"; };
		D07BC3602773A0FB00711110 /* CardPopUpCell.swift */ = {isa = PBXFileReference; lastKnownFileType = sourcecode.swift; path = CardPopUpCell.swift; sourceTree = "<group>"; };
		D07BC3612773A0FB00711110 /* CardPopUpCell.xib */ = {isa = PBXFileReference; lastKnownFileType = file.xib; path = CardPopUpCell.xib; sourceTree = "<group>"; };
		D08E9291275974F700846EA4 /* LogoImage.swift */ = {isa = PBXFileReference; lastKnownFileType = sourcecode.swift; path = LogoImage.swift; sourceTree = "<group>"; };
		D0955D232767BCF7009E9CA7 /* ShowVBC.swift */ = {isa = PBXFileReference; lastKnownFileType = sourcecode.swift; path = ShowVBC.swift; sourceTree = "<group>"; };
		D0A7196D274138C1000B2E1F /* AddNewVBCViewController.swift */ = {isa = PBXFileReference; lastKnownFileType = sourcecode.swift; path = AddNewVBCViewController.swift; sourceTree = "<group>"; };
		D0A7196F274138EC000B2E1F /* CAdd2ViewController.swift */ = {isa = PBXFileReference; lastKnownFileType = sourcecode.swift; path = CAdd2ViewController.swift; sourceTree = "<group>"; };
		D0A7197127413922000B2E1F /* CAdd3ViewController.swift */ = {isa = PBXFileReference; lastKnownFileType = sourcecode.swift; path = CAdd3ViewController.swift; sourceTree = "<group>"; };
		D0A7197327414415000B2E1F /* FinishedAddVBCViewController.swift */ = {isa = PBXFileReference; lastKnownFileType = sourcecode.swift; path = FinishedAddVBCViewController.swift; sourceTree = "<group>"; };
		D0AB29C2273AFCF300A43EF2 /* CardsViewController.swift */ = {isa = PBXFileReference; lastKnownFileType = sourcecode.swift; path = CardsViewController.swift; sourceTree = "<group>"; };
		D0AB29C4273B204800A43EF2 /* CAdd1ViewController.swift */ = {isa = PBXFileReference; lastKnownFileType = sourcecode.swift; path = CAdd1ViewController.swift; sourceTree = "<group>"; };
		D0BD582D272891EE002C6525 /* Constants.swift */ = {isa = PBXFileReference; lastKnownFileType = sourcecode.swift; path = Constants.swift; sourceTree = "<group>"; };
		D0CF1CD2273DB51900599EF5 /* Sectors.swift */ = {isa = PBXFileReference; lastKnownFileType = sourcecode.swift; path = Sectors.swift; sourceTree = "<group>"; };
		D0D6A5772743104700773C52 /* MultiplePlaces.swift */ = {isa = PBXFileReference; lastKnownFileType = sourcecode.swift; path = MultiplePlaces.swift; sourceTree = "<group>"; };
		D0D6A57927431AF000773C52 /* AddListViewController.swift */ = {isa = PBXFileReference; lastKnownFileType = sourcecode.swift; path = AddListViewController.swift; sourceTree = "<group>"; };
		D0D6A57D27431B6800773C52 /* AddLocListTableViewCell.swift */ = {isa = PBXFileReference; lastKnownFileType = sourcecode.swift; path = AddLocListTableViewCell.swift; sourceTree = "<group>"; };
		D0D6A57E27431B6800773C52 /* AddLocListTableViewCell.xib */ = {isa = PBXFileReference; lastKnownFileType = file.xib; path = AddLocListTableViewCell.xib; sourceTree = "<group>"; };
		D0E7753D272D7321001FB9F8 /* AboutViewController.swift */ = {isa = PBXFileReference; lastKnownFileType = sourcecode.swift; path = AboutViewController.swift; sourceTree = "<group>"; };
		D0E8BD482742BE0600B0AB0D /* Country.swift */ = {isa = PBXFileReference; lastKnownFileType = sourcecode.swift; path = Country.swift; sourceTree = "<group>"; };
		D0FB84AD27249B8E0053D4BF /* GoogleService-Info.plist */ = {isa = PBXFileReference; fileEncoding = 4; lastKnownFileType = text.plist.xml; path = "GoogleService-Info.plist"; sourceTree = "<group>"; };
		F61C45378CA26B341EC60C72 /* Pods-VBC.debug.xcconfig */ = {isa = PBXFileReference; includeInIndex = 1; lastKnownFileType = text.xcconfig; name = "Pods-VBC.debug.xcconfig"; path = "Target Support Files/Pods-VBC/Pods-VBC.debug.xcconfig"; sourceTree = "<group>"; };
/* End PBXFileReference section */

/* Begin PBXFrameworksBuildPhase section */
		D00F0A28272449EE00A6331B /* Frameworks */ = {
			isa = PBXFrameworksBuildPhase;
			buildActionMask = 2147483647;
			files = (
				07CE09A9C2D8FC6BA5B867E1 /* Pods_VBC.framework in Frameworks */,
			);
			runOnlyForDeploymentPostprocessing = 0;
		};
		D00F0A3E272449F500A6331B /* Frameworks */ = {
			isa = PBXFrameworksBuildPhase;
			buildActionMask = 2147483647;
			files = (
			);
			runOnlyForDeploymentPostprocessing = 0;
		};
		D00F0A48272449F500A6331B /* Frameworks */ = {
			isa = PBXFrameworksBuildPhase;
			buildActionMask = 2147483647;
			files = (
			);
			runOnlyForDeploymentPostprocessing = 0;
		};
/* End PBXFrameworksBuildPhase section */

/* Begin PBXGroup section */
		427D04E9DA636B9C8BDEA86B /* Pods */ = {
			isa = PBXGroup;
			children = (
				F61C45378CA26B341EC60C72 /* Pods-VBC.debug.xcconfig */,
				5775DE092B764DC759113030 /* Pods-VBC.release.xcconfig */,
			);
			path = Pods;
			sourceTree = "<group>";
		};
		D00F0A22272449EE00A6331B = {
			isa = PBXGroup;
			children = (
				D00F0A2D272449EE00A6331B /* VBC */,
				D00F0A2C272449EE00A6331B /* Products */,
				427D04E9DA636B9C8BDEA86B /* Pods */,
				E71AE2FCB527CBA0C9F591E7 /* Frameworks */,
			);
			sourceTree = "<group>";
		};
		D00F0A2C272449EE00A6331B /* Products */ = {
			isa = PBXGroup;
			children = (
				D00F0A2B272449EE00A6331B /* VBC.app */,
				D00F0A41272449F500A6331B /* VBCTests.xctest */,
				D00F0A4B272449F500A6331B /* VBCUITests.xctest */,
			);
			name = Products;
			sourceTree = "<group>";
		};
		D00F0A2D272449EE00A6331B /* VBC */ = {
			isa = PBXGroup;
			children = (
				D00F0A2E272449EE00A6331B /* AppDelegate.swift */,
				D00F0A30272449EE00A6331B /* SceneDelegate.swift */,
				D0CF1CCF273DAABE00599EF5 /* Model */,
				D00F0A5F27244CBE00A6331B /* Views */,
				D00F0A5E27244CB100A6331B /* Controllers */,
				D00F0A37272449F400A6331B /* Assets.xcassets */,
				D00F0A39272449F400A6331B /* LaunchScreen.storyboard */,
				D00F0A3C272449F400A6331B /* Info.plist */,
				D0FB84AD27249B8E0053D4BF /* GoogleService-Info.plist */,
				D0BD582D272891EE002C6525 /* Constants.swift */,
			);
			path = VBC;
			sourceTree = "<group>";
		};
		D00F0A5E27244CB100A6331B /* Controllers */ = {
			isa = PBXGroup;
			children = (
				D00F0A62272452F300A6331B /* Login */,
				D00F0A63272452FD00A6331B /* Home */,
				D0AB29C1273AFCBA00A43EF2 /* My VBC */,
			);
			path = Controllers;
			sourceTree = "<group>";
		};
		D00F0A5F27244CBE00A6331B /* Views */ = {
			isa = PBXGroup;
			children = (
				D00F0A34272449EE00A6331B /* Main.storyboard */,
				D0E77543272DDA25001FB9F8 /* Home View Cell */,
				D0D6A58127431B6F00773C52 /* Add Location List */,
				D07BC3642773AA7600711110 /* Card Pop Up Cell */,
			);
			path = Views;
			sourceTree = "<group>";
		};
		D00F0A62272452F300A6331B /* Login */ = {
			isa = PBXGroup;
			children = (
				D016DFD8272ABDE10041B633 /* WelcomeViewController.swift */,
				D00F0A60272452D300A6331B /* LoginViewController.swift */,
				D00F0A642724591300A6331B /* RegisterViewController.swift */,
				D016DFDA272ABF790041B633 /* VerifyViewController.swift */,
			);
			path = Login;
			sourceTree = "<group>";
		};
		D00F0A63272452FD00A6331B /* Home */ = {
			isa = PBXGroup;
			children = (
				D00F0A32272449EE00A6331B /* HomeViewController.swift */,
				D0144F73272D52D200576083 /* CardViewController.swift */,
				D00463F6276BA258005B13F7 /* PopUpCardViewController.swift */,
				D0E7753D272D7321001FB9F8 /* AboutViewController.swift */,
			);
			path = Home;
			sourceTree = "<group>";
		};
		D02C356A277791F3008E2CA2 /* Personal Add VBC */ = {
			isa = PBXGroup;
			children = (
				D02C356B2777924B008E2CA2 /* PAdd1VC.swift */,
				D02C356D2777926E008E2CA2 /* PAdd2VC.swift */,
				D02C356F2777A0B1008E2CA2 /* PAdd3VC.swift */,
				D0080A9327806C3E005E193B /* PersonalContactListVC.swift */,
			);
			path = "Personal Add VBC";
			sourceTree = "<group>";
		};
		D07BC3642773AA7600711110 /* Card Pop Up Cell */ = {
			isa = PBXGroup;
			children = (
				D07BC3602773A0FB00711110 /* CardPopUpCell.swift */,
				D07BC3612773A0FB00711110 /* CardPopUpCell.xib */,
			);
			path = "Card Pop Up Cell";
			sourceTree = "<group>";
		};
		D0A7196C27413855000B2E1F /* Company Add VBC */ = {
			isa = PBXGroup;
			children = (
				D0AB29C4273B204800A43EF2 /* CAdd1ViewController.swift */,
				D0A7196F274138EC000B2E1F /* CAdd2ViewController.swift */,
				D0D6A57927431AF000773C52 /* AddListViewController.swift */,
				D0A7197127413922000B2E1F /* CAdd3ViewController.swift */,
				D013C645277A421D0017F26F /* ContactListVC.swift */,
			);
			path = "Company Add VBC";
			sourceTree = "<group>";
		};
		D0AB29C1273AFCBA00A43EF2 /* My VBC */ = {
			isa = PBXGroup;
			children = (
				D0AB29C2273AFCF300A43EF2 /* CardsViewController.swift */,
				D0A7196D274138C1000B2E1F /* AddNewVBCViewController.swift */,
				D0A7196C27413855000B2E1F /* Company Add VBC */,
				D02C356A277791F3008E2CA2 /* Personal Add VBC */,
				D0A7197327414415000B2E1F /* FinishedAddVBCViewController.swift */,
			);
			path = "My VBC";
			sourceTree = "<group>";
		};
		D0CF1CCF273DAABE00599EF5 /* Model */ = {
			isa = PBXGroup;
			children = (
				D0CF1CD2273DB51900599EF5 /* Sectors.swift */,
				D0E8BD482742BE0600B0AB0D /* Country.swift */,
				D0D6A5772743104700773C52 /* MultiplePlaces.swift */,
				D08E9291275974F700846EA4 /* LogoImage.swift */,
				D0955D232767BCF7009E9CA7 /* ShowVBC.swift */,
				D00463F8276BA78F005B13F7 /* PhoneNumbers.swift */,
				D0317F6127818F9400E67776 /* SocialMedia.swift */,
			);
			path = Model;
			sourceTree = "<group>";
		};
		D0D6A58127431B6F00773C52 /* Add Location List */ = {
			isa = PBXGroup;
			children = (
				D0D6A57D27431B6800773C52 /* AddLocListTableViewCell.swift */,
				D0D6A57E27431B6800773C52 /* AddLocListTableViewCell.xib */,
			);
			path = "Add Location List";
			sourceTree = "<group>";
		};
		D0E77543272DDA25001FB9F8 /* Home View Cell */ = {
			isa = PBXGroup;
			children = (
				D01EF8EF272D233000146DDC /* HomeViewCell.swift */,
				D01EF8F0272D233000146DDC /* HomeViewCell.xib */,
			);
			path = "Home View Cell";
			sourceTree = "<group>";
		};
		E71AE2FCB527CBA0C9F591E7 /* Frameworks */ = {
			isa = PBXGroup;
			children = (
				6054D27C5A017FA5A794711A /* Pods_VBC.framework */,
			);
			name = Frameworks;
			sourceTree = "<group>";
		};
/* End PBXGroup section */

/* Begin PBXNativeTarget section */
		D00F0A2A272449EE00A6331B /* VBC */ = {
			isa = PBXNativeTarget;
			buildConfigurationList = D00F0A55272449F500A6331B /* Build configuration list for PBXNativeTarget "VBC" */;
			buildPhases = (
				8D1946D8FC6E46145735DD28 /* [CP] Check Pods Manifest.lock */,
				D00F0A27272449EE00A6331B /* Sources */,
				D00F0A28272449EE00A6331B /* Frameworks */,
				D00F0A29272449EE00A6331B /* Resources */,
				08163E3BA64ED44D868A9743 /* [CP] Embed Pods Frameworks */,
			);
			buildRules = (
			);
			dependencies = (
			);
			name = VBC;
			productName = VBC;
			productReference = D00F0A2B272449EE00A6331B /* VBC.app */;
			productType = "com.apple.product-type.application";
		};
		D00F0A40272449F500A6331B /* VBCTests */ = {
			isa = PBXNativeTarget;
			buildConfigurationList = D00F0A58272449F500A6331B /* Build configuration list for PBXNativeTarget "VBCTests" */;
			buildPhases = (
				D00F0A3D272449F500A6331B /* Sources */,
				D00F0A3E272449F500A6331B /* Frameworks */,
				D00F0A3F272449F500A6331B /* Resources */,
			);
			buildRules = (
			);
			dependencies = (
				D00F0A43272449F500A6331B /* PBXTargetDependency */,
			);
			name = VBCTests;
			productName = VBCTests;
			productReference = D00F0A41272449F500A6331B /* VBCTests.xctest */;
			productType = "com.apple.product-type.bundle.unit-test";
		};
		D00F0A4A272449F500A6331B /* VBCUITests */ = {
			isa = PBXNativeTarget;
			buildConfigurationList = D00F0A5B272449F500A6331B /* Build configuration list for PBXNativeTarget "VBCUITests" */;
			buildPhases = (
				D00F0A47272449F500A6331B /* Sources */,
				D00F0A48272449F500A6331B /* Frameworks */,
				D00F0A49272449F500A6331B /* Resources */,
			);
			buildRules = (
			);
			dependencies = (
				D00F0A4D272449F500A6331B /* PBXTargetDependency */,
			);
			name = VBCUITests;
			productName = VBCUITests;
			productReference = D00F0A4B272449F500A6331B /* VBCUITests.xctest */;
			productType = "com.apple.product-type.bundle.ui-testing";
		};
/* End PBXNativeTarget section */

/* Begin PBXProject section */
		D00F0A23272449EE00A6331B /* Project object */ = {
			isa = PBXProject;
			attributes = {
				BuildIndependentTargetsInParallel = 1;
				LastSwiftUpdateCheck = 1300;
				LastUpgradeCheck = 1300;
				TargetAttributes = {
					D00F0A2A272449EE00A6331B = {
						CreatedOnToolsVersion = 13.0;
					};
					D00F0A40272449F500A6331B = {
						CreatedOnToolsVersion = 13.0;
						TestTargetID = D00F0A2A272449EE00A6331B;
					};
					D00F0A4A272449F500A6331B = {
						CreatedOnToolsVersion = 13.0;
						TestTargetID = D00F0A2A272449EE00A6331B;
					};
				};
			};
			buildConfigurationList = D00F0A26272449EE00A6331B /* Build configuration list for PBXProject "VBC" */;
			compatibilityVersion = "Xcode 13.0";
			developmentRegion = en;
			hasScannedForEncodings = 0;
			knownRegions = (
				en,
				Base,
			);
			mainGroup = D00F0A22272449EE00A6331B;
			productRefGroup = D00F0A2C272449EE00A6331B /* Products */;
			projectDirPath = "";
			projectRoot = "";
			targets = (
				D00F0A2A272449EE00A6331B /* VBC */,
				D00F0A40272449F500A6331B /* VBCTests */,
				D00F0A4A272449F500A6331B /* VBCUITests */,
			);
		};
/* End PBXProject section */

/* Begin PBXResourcesBuildPhase section */
		D00F0A29272449EE00A6331B /* Resources */ = {
			isa = PBXResourcesBuildPhase;
			buildActionMask = 2147483647;
			files = (
				D07BC3632773A0FB00711110 /* CardPopUpCell.xib in Resources */,
				D0D6A58027431B6800773C52 /* AddLocListTableViewCell.xib in Resources */,
				D00F0A3B272449F400A6331B /* LaunchScreen.storyboard in Resources */,
				D0FB84AE27249B8E0053D4BF /* GoogleService-Info.plist in Resources */,
				D00F0A38272449F400A6331B /* Assets.xcassets in Resources */,
				D01EF8F2272D233000146DDC /* HomeViewCell.xib in Resources */,
				D00F0A36272449EE00A6331B /* Main.storyboard in Resources */,
			);
			runOnlyForDeploymentPostprocessing = 0;
		};
		D00F0A3F272449F500A6331B /* Resources */ = {
			isa = PBXResourcesBuildPhase;
			buildActionMask = 2147483647;
			files = (
			);
			runOnlyForDeploymentPostprocessing = 0;
		};
		D00F0A49272449F500A6331B /* Resources */ = {
			isa = PBXResourcesBuildPhase;
			buildActionMask = 2147483647;
			files = (
			);
			runOnlyForDeploymentPostprocessing = 0;
		};
/* End PBXResourcesBuildPhase section */

/* Begin PBXShellScriptBuildPhase section */
		08163E3BA64ED44D868A9743 /* [CP] Embed Pods Frameworks */ = {
			isa = PBXShellScriptBuildPhase;
			buildActionMask = 2147483647;
			files = (
			);
			inputFileListPaths = (
				"${PODS_ROOT}/Target Support Files/Pods-VBC/Pods-VBC-frameworks-${CONFIGURATION}-input-files.xcfilelist",
			);
			name = "[CP] Embed Pods Frameworks";
			outputFileListPaths = (
				"${PODS_ROOT}/Target Support Files/Pods-VBC/Pods-VBC-frameworks-${CONFIGURATION}-output-files.xcfilelist",
			);
			runOnlyForDeploymentPostprocessing = 0;
			shellPath = /bin/sh;
			shellScript = "\"${PODS_ROOT}/Target Support Files/Pods-VBC/Pods-VBC-frameworks.sh\"\n";
			showEnvVarsInLog = 0;
		};
		8D1946D8FC6E46145735DD28 /* [CP] Check Pods Manifest.lock */ = {
			isa = PBXShellScriptBuildPhase;
			buildActionMask = 2147483647;
			files = (
			);
			inputFileListPaths = (
			);
			inputPaths = (
				"${PODS_PODFILE_DIR_PATH}/Podfile.lock",
				"${PODS_ROOT}/Manifest.lock",
			);
			name = "[CP] Check Pods Manifest.lock";
			outputFileListPaths = (
			);
			outputPaths = (
				"$(DERIVED_FILE_DIR)/Pods-VBC-checkManifestLockResult.txt",
			);
			runOnlyForDeploymentPostprocessing = 0;
			shellPath = /bin/sh;
			shellScript = "diff \"${PODS_PODFILE_DIR_PATH}/Podfile.lock\" \"${PODS_ROOT}/Manifest.lock\" > /dev/null\nif [ $? != 0 ] ; then\n    # print error to STDERR\n    echo \"error: The sandbox is not in sync with the Podfile.lock. Run 'pod install' or update your CocoaPods installation.\" >&2\n    exit 1\nfi\n# This output is used by Xcode 'outputs' to avoid re-running this script phase.\necho \"SUCCESS\" > \"${SCRIPT_OUTPUT_FILE_0}\"\n";
			showEnvVarsInLog = 0;
		};
/* End PBXShellScriptBuildPhase section */

/* Begin PBXSourcesBuildPhase section */
		D00F0A27272449EE00A6331B /* Sources */ = {
			isa = PBXSourcesBuildPhase;
			buildActionMask = 2147483647;
			files = (
				D00F0A61272452D300A6331B /* LoginViewController.swift in Sources */,
				D016DFDB272ABF7A0041B633 /* VerifyViewController.swift in Sources */,
				D0A7197427414415000B2E1F /* FinishedAddVBCViewController.swift in Sources */,
				D00463F7276BA259005B13F7 /* PopUpCardViewController.swift in Sources */,
				D0D6A5782743104700773C52 /* MultiplePlaces.swift in Sources */,
				D0E7753E272D7322001FB9F8 /* AboutViewController.swift in Sources */,
				D00F0A652724591300A6331B /* RegisterViewController.swift in Sources */,
				D08E9292275974F700846EA4 /* LogoImage.swift in Sources */,
				D00F0A33272449EE00A6331B /* HomeViewController.swift in Sources */,
				D0E8BD492742BE0700B0AB0D /* Country.swift in Sources */,
				D00F0A2F272449EE00A6331B /* AppDelegate.swift in Sources */,
				D00F0A31272449EE00A6331B /* SceneDelegate.swift in Sources */,
				D0AB29C3273AFCF300A43EF2 /* CardsViewController.swift in Sources */,
				D02C35702777A0B1008E2CA2 /* PAdd3VC.swift in Sources */,
				D013C646277A421E0017F26F /* ContactListVC.swift in Sources */,
				D02C356E2777926E008E2CA2 /* PAdd2VC.swift in Sources */,
				D0AB29C5273B204800A43EF2 /* CAdd1ViewController.swift in Sources */,
				D0A7196E274138C1000B2E1F /* AddNewVBCViewController.swift in Sources */,
				D0317F6227818F9400E67776 /* SocialMedia.swift in Sources */,
				D0D6A57F27431B6800773C52 /* AddLocListTableViewCell.swift in Sources */,
				D02C356C2777924B008E2CA2 /* PAdd1VC.swift in Sources */,
				D0D6A57A27431AF000773C52 /* AddListViewController.swift in Sources */,
				D0CF1CD3273DB51900599EF5 /* Sectors.swift in Sources */,
				D00463F9276BA78F005B13F7 /* PhoneNumbers.swift in Sources */,
				D0BD582E272891EE002C6525 /* Constants.swift in Sources */,
				D0A71970274138EC000B2E1F /* CAdd2ViewController.swift in Sources */,
				D0080A9427806C3E005E193B /* PersonalContactListVC.swift in Sources */,
				D016DFD9272ABDE10041B633 /* WelcomeViewController.swift in Sources */,
				D0A7197227413922000B2E1F /* CAdd3ViewController.swift in Sources */,
				D07BC3622773A0FB00711110 /* CardPopUpCell.swift in Sources */,
				D0955D242767BCF7009E9CA7 /* ShowVBC.swift in Sources */,
				D0144F74272D52D200576083 /* CardViewController.swift in Sources */,
				D01EF8F1272D233000146DDC /* HomeViewCell.swift in Sources */,
			);
			runOnlyForDeploymentPostprocessing = 0;
		};
		D00F0A3D272449F500A6331B /* Sources */ = {
			isa = PBXSourcesBuildPhase;
			buildActionMask = 2147483647;
			files = (
			);
			runOnlyForDeploymentPostprocessing = 0;
		};
		D00F0A47272449F500A6331B /* Sources */ = {
			isa = PBXSourcesBuildPhase;
			buildActionMask = 2147483647;
			files = (
			);
			runOnlyForDeploymentPostprocessing = 0;
		};
/* End PBXSourcesBuildPhase section */

/* Begin PBXTargetDependency section */
		D00F0A43272449F500A6331B /* PBXTargetDependency */ = {
			isa = PBXTargetDependency;
			target = D00F0A2A272449EE00A6331B /* VBC */;
			targetProxy = D00F0A42272449F500A6331B /* PBXContainerItemProxy */;
		};
		D00F0A4D272449F500A6331B /* PBXTargetDependency */ = {
			isa = PBXTargetDependency;
			target = D00F0A2A272449EE00A6331B /* VBC */;
			targetProxy = D00F0A4C272449F500A6331B /* PBXContainerItemProxy */;
		};
/* End PBXTargetDependency section */

/* Begin PBXVariantGroup section */
		D00F0A34272449EE00A6331B /* Main.storyboard */ = {
			isa = PBXVariantGroup;
			children = (
				D00F0A35272449EE00A6331B /* Base */,
			);
			name = Main.storyboard;
			sourceTree = "<group>";
		};
		D00F0A39272449F400A6331B /* LaunchScreen.storyboard */ = {
			isa = PBXVariantGroup;
			children = (
				D00F0A3A272449F400A6331B /* Base */,
			);
			name = LaunchScreen.storyboard;
			sourceTree = "<group>";
		};
/* End PBXVariantGroup section */

/* Begin XCBuildConfiguration section */
		D00F0A53272449F500A6331B /* Debug */ = {
			isa = XCBuildConfiguration;
			buildSettings = {
				ALWAYS_SEARCH_USER_PATHS = NO;
				CLANG_ANALYZER_NONNULL = YES;
				CLANG_ANALYZER_NUMBER_OBJECT_CONVERSION = YES_AGGRESSIVE;
				CLANG_CXX_LANGUAGE_STANDARD = "gnu++17";
				CLANG_CXX_LIBRARY = "libc++";
				CLANG_ENABLE_MODULES = YES;
				CLANG_ENABLE_OBJC_ARC = YES;
				CLANG_ENABLE_OBJC_WEAK = YES;
				CLANG_WARN_BLOCK_CAPTURE_AUTORELEASING = YES;
				CLANG_WARN_BOOL_CONVERSION = YES;
				CLANG_WARN_COMMA = YES;
				CLANG_WARN_CONSTANT_CONVERSION = YES;
				CLANG_WARN_DEPRECATED_OBJC_IMPLEMENTATIONS = YES;
				CLANG_WARN_DIRECT_OBJC_ISA_USAGE = YES_ERROR;
				CLANG_WARN_DOCUMENTATION_COMMENTS = YES;
				CLANG_WARN_EMPTY_BODY = YES;
				CLANG_WARN_ENUM_CONVERSION = YES;
				CLANG_WARN_INFINITE_RECURSION = YES;
				CLANG_WARN_INT_CONVERSION = YES;
				CLANG_WARN_NON_LITERAL_NULL_CONVERSION = YES;
				CLANG_WARN_OBJC_IMPLICIT_RETAIN_SELF = YES;
				CLANG_WARN_OBJC_LITERAL_CONVERSION = YES;
				CLANG_WARN_OBJC_ROOT_CLASS = YES_ERROR;
				CLANG_WARN_QUOTED_INCLUDE_IN_FRAMEWORK_HEADER = YES;
				CLANG_WARN_RANGE_LOOP_ANALYSIS = YES;
				CLANG_WARN_STRICT_PROTOTYPES = YES;
				CLANG_WARN_SUSPICIOUS_MOVE = YES;
				CLANG_WARN_UNGUARDED_AVAILABILITY = YES_AGGRESSIVE;
				CLANG_WARN_UNREACHABLE_CODE = YES;
				CLANG_WARN__DUPLICATE_METHOD_MATCH = YES;
				COPY_PHASE_STRIP = NO;
				DEBUG_INFORMATION_FORMAT = dwarf;
				ENABLE_STRICT_OBJC_MSGSEND = YES;
				ENABLE_TESTABILITY = YES;
				GCC_C_LANGUAGE_STANDARD = gnu11;
				GCC_DYNAMIC_NO_PIC = NO;
				GCC_NO_COMMON_BLOCKS = YES;
				GCC_OPTIMIZATION_LEVEL = 0;
				GCC_PREPROCESSOR_DEFINITIONS = (
					"DEBUG=1",
					"$(inherited)",
				);
				GCC_WARN_64_TO_32_BIT_CONVERSION = YES;
				GCC_WARN_ABOUT_RETURN_TYPE = YES_ERROR;
				GCC_WARN_UNDECLARED_SELECTOR = YES;
				GCC_WARN_UNINITIALIZED_AUTOS = YES_AGGRESSIVE;
				GCC_WARN_UNUSED_FUNCTION = YES;
				GCC_WARN_UNUSED_VARIABLE = YES;
				IPHONEOS_DEPLOYMENT_TARGET = 13.0;
				MTL_ENABLE_DEBUG_INFO = INCLUDE_SOURCE;
				MTL_FAST_MATH = YES;
				ONLY_ACTIVE_ARCH = YES;
				SDKROOT = iphoneos;
				SWIFT_ACTIVE_COMPILATION_CONDITIONS = DEBUG;
				SWIFT_OPTIMIZATION_LEVEL = "-Onone";
			};
			name = Debug;
		};
		D00F0A54272449F500A6331B /* Release */ = {
			isa = XCBuildConfiguration;
			buildSettings = {
				ALWAYS_SEARCH_USER_PATHS = NO;
				CLANG_ANALYZER_NONNULL = YES;
				CLANG_ANALYZER_NUMBER_OBJECT_CONVERSION = YES_AGGRESSIVE;
				CLANG_CXX_LANGUAGE_STANDARD = "gnu++17";
				CLANG_CXX_LIBRARY = "libc++";
				CLANG_ENABLE_MODULES = YES;
				CLANG_ENABLE_OBJC_ARC = YES;
				CLANG_ENABLE_OBJC_WEAK = YES;
				CLANG_WARN_BLOCK_CAPTURE_AUTORELEASING = YES;
				CLANG_WARN_BOOL_CONVERSION = YES;
				CLANG_WARN_COMMA = YES;
				CLANG_WARN_CONSTANT_CONVERSION = YES;
				CLANG_WARN_DEPRECATED_OBJC_IMPLEMENTATIONS = YES;
				CLANG_WARN_DIRECT_OBJC_ISA_USAGE = YES_ERROR;
				CLANG_WARN_DOCUMENTATION_COMMENTS = YES;
				CLANG_WARN_EMPTY_BODY = YES;
				CLANG_WARN_ENUM_CONVERSION = YES;
				CLANG_WARN_INFINITE_RECURSION = YES;
				CLANG_WARN_INT_CONVERSION = YES;
				CLANG_WARN_NON_LITERAL_NULL_CONVERSION = YES;
				CLANG_WARN_OBJC_IMPLICIT_RETAIN_SELF = YES;
				CLANG_WARN_OBJC_LITERAL_CONVERSION = YES;
				CLANG_WARN_OBJC_ROOT_CLASS = YES_ERROR;
				CLANG_WARN_QUOTED_INCLUDE_IN_FRAMEWORK_HEADER = YES;
				CLANG_WARN_RANGE_LOOP_ANALYSIS = YES;
				CLANG_WARN_STRICT_PROTOTYPES = YES;
				CLANG_WARN_SUSPICIOUS_MOVE = YES;
				CLANG_WARN_UNGUARDED_AVAILABILITY = YES_AGGRESSIVE;
				CLANG_WARN_UNREACHABLE_CODE = YES;
				CLANG_WARN__DUPLICATE_METHOD_MATCH = YES;
				COPY_PHASE_STRIP = NO;
				DEBUG_INFORMATION_FORMAT = "dwarf-with-dsym";
				ENABLE_NS_ASSERTIONS = NO;
				ENABLE_STRICT_OBJC_MSGSEND = YES;
				GCC_C_LANGUAGE_STANDARD = gnu11;
				GCC_NO_COMMON_BLOCKS = YES;
				GCC_WARN_64_TO_32_BIT_CONVERSION = YES;
				GCC_WARN_ABOUT_RETURN_TYPE = YES_ERROR;
				GCC_WARN_UNDECLARED_SELECTOR = YES;
				GCC_WARN_UNINITIALIZED_AUTOS = YES_AGGRESSIVE;
				GCC_WARN_UNUSED_FUNCTION = YES;
				GCC_WARN_UNUSED_VARIABLE = YES;
				IPHONEOS_DEPLOYMENT_TARGET = 13.0;
				MTL_ENABLE_DEBUG_INFO = NO;
				MTL_FAST_MATH = YES;
				SDKROOT = iphoneos;
				SWIFT_COMPILATION_MODE = wholemodule;
				SWIFT_OPTIMIZATION_LEVEL = "-O";
				VALIDATE_PRODUCT = YES;
			};
			name = Release;
		};
		D00F0A56272449F500A6331B /* Debug */ = {
			isa = XCBuildConfiguration;
			baseConfigurationReference = F61C45378CA26B341EC60C72 /* Pods-VBC.debug.xcconfig */;
			buildSettings = {
				ASSETCATALOG_COMPILER_APPICON_NAME = AppIcon;
				ASSETCATALOG_COMPILER_GLOBAL_ACCENT_COLOR_NAME = AccentColor;
				CODE_SIGN_STYLE = Automatic;
				CURRENT_PROJECT_VERSION = 1;
				DEVELOPMENT_TEAM = 4L9MK9G9TT;
				GENERATE_INFOPLIST_FILE = YES;
				INFOPLIST_FILE = VBC/Info.plist;
				INFOPLIST_KEY_UIApplicationSupportsIndirectInputEvents = YES;
				INFOPLIST_KEY_UILaunchStoryboardName = LaunchScreen;
				INFOPLIST_KEY_UIMainStoryboardFile = Main;
				INFOPLIST_KEY_UISupportedInterfaceOrientations = UIInterfaceOrientationPortrait;
				INFOPLIST_KEY_UISupportedInterfaceOrientations_iPad = "UIInterfaceOrientationPortrait UIInterfaceOrientationPortraitUpsideDown UIInterfaceOrientationLandscapeLeft UIInterfaceOrientationLandscapeRight";
				INFOPLIST_KEY_UISupportedInterfaceOrientations_iPhone = "UIInterfaceOrientationPortrait UIInterfaceOrientationLandscapeLeft UIInterfaceOrientationLandscapeRight";
				IPHONEOS_DEPLOYMENT_TARGET = 13.0;
				LD_RUNPATH_SEARCH_PATHS = (
					"$(inherited)",
					"@executable_path/Frameworks",
				);
				MARKETING_VERSION = 1.0;
				PRODUCT_BUNDLE_IDENTIFIER = solosoft.VBC;
				PRODUCT_NAME = "$(TARGET_NAME)";
				SWIFT_EMIT_LOC_STRINGS = YES;
				SWIFT_VERSION = 5.0;
				TARGETED_DEVICE_FAMILY = "1,2";
			};
			name = Debug;
		};
		D00F0A57272449F500A6331B /* Release */ = {
			isa = XCBuildConfiguration;
			baseConfigurationReference = 5775DE092B764DC759113030 /* Pods-VBC.release.xcconfig */;
			buildSettings = {
				ASSETCATALOG_COMPILER_APPICON_NAME = AppIcon;
				ASSETCATALOG_COMPILER_GLOBAL_ACCENT_COLOR_NAME = AccentColor;
				CODE_SIGN_STYLE = Automatic;
				CURRENT_PROJECT_VERSION = 1;
				DEVELOPMENT_TEAM = 4L9MK9G9TT;
				GENERATE_INFOPLIST_FILE = YES;
				INFOPLIST_FILE = VBC/Info.plist;
				INFOPLIST_KEY_UIApplicationSupportsIndirectInputEvents = YES;
				INFOPLIST_KEY_UILaunchStoryboardName = LaunchScreen;
				INFOPLIST_KEY_UIMainStoryboardFile = Main;
				INFOPLIST_KEY_UISupportedInterfaceOrientations = UIInterfaceOrientationPortrait;
				INFOPLIST_KEY_UISupportedInterfaceOrientations_iPad = "UIInterfaceOrientationPortrait UIInterfaceOrientationPortraitUpsideDown UIInterfaceOrientationLandscapeLeft UIInterfaceOrientationLandscapeRight";
				INFOPLIST_KEY_UISupportedInterfaceOrientations_iPhone = "UIInterfaceOrientationPortrait UIInterfaceOrientationLandscapeLeft UIInterfaceOrientationLandscapeRight";
				IPHONEOS_DEPLOYMENT_TARGET = 13.0;
				LD_RUNPATH_SEARCH_PATHS = (
					"$(inherited)",
					"@executable_path/Frameworks",
				);
				MARKETING_VERSION = 1.0;
				PRODUCT_BUNDLE_IDENTIFIER = solosoft.VBC;
				PRODUCT_NAME = "$(TARGET_NAME)";
				SWIFT_EMIT_LOC_STRINGS = YES;
				SWIFT_VERSION = 5.0;
				TARGETED_DEVICE_FAMILY = "1,2";
			};
			name = Release;
		};
		D00F0A59272449F500A6331B /* Debug */ = {
			isa = XCBuildConfiguration;
			buildSettings = {
				ALWAYS_EMBED_SWIFT_STANDARD_LIBRARIES = YES;
				BUNDLE_LOADER = "$(TEST_HOST)";
				CODE_SIGN_STYLE = Automatic;
				CURRENT_PROJECT_VERSION = 1;
				DEVELOPMENT_TEAM = 4L9MK9G9TT;
				GENERATE_INFOPLIST_FILE = YES;
				IPHONEOS_DEPLOYMENT_TARGET = 15.0;
				LD_RUNPATH_SEARCH_PATHS = (
					"$(inherited)",
					"@executable_path/Frameworks",
					"@loader_path/Frameworks",
				);
				MARKETING_VERSION = 1.0;
				PRODUCT_BUNDLE_IDENTIFIER = solosoft.VBCTests;
				PRODUCT_NAME = "$(TARGET_NAME)";
				SWIFT_EMIT_LOC_STRINGS = NO;
				SWIFT_VERSION = 5.0;
				TARGETED_DEVICE_FAMILY = "1,2";
				TEST_HOST = "$(BUILT_PRODUCTS_DIR)/VBC.app/VBC";
			};
			name = Debug;
		};
		D00F0A5A272449F500A6331B /* Release */ = {
			isa = XCBuildConfiguration;
			buildSettings = {
				ALWAYS_EMBED_SWIFT_STANDARD_LIBRARIES = YES;
				BUNDLE_LOADER = "$(TEST_HOST)";
				CODE_SIGN_STYLE = Automatic;
				CURRENT_PROJECT_VERSION = 1;
				DEVELOPMENT_TEAM = 4L9MK9G9TT;
				GENERATE_INFOPLIST_FILE = YES;
				IPHONEOS_DEPLOYMENT_TARGET = 15.0;
				LD_RUNPATH_SEARCH_PATHS = (
					"$(inherited)",
					"@executable_path/Frameworks",
					"@loader_path/Frameworks",
				);
				MARKETING_VERSION = 1.0;
				PRODUCT_BUNDLE_IDENTIFIER = solosoft.VBCTests;
				PRODUCT_NAME = "$(TARGET_NAME)";
				SWIFT_EMIT_LOC_STRINGS = NO;
				SWIFT_VERSION = 5.0;
				TARGETED_DEVICE_FAMILY = "1,2";
				TEST_HOST = "$(BUILT_PRODUCTS_DIR)/VBC.app/VBC";
			};
			name = Release;
		};
		D00F0A5C272449F500A6331B /* Debug */ = {
			isa = XCBuildConfiguration;
			buildSettings = {
				ALWAYS_EMBED_SWIFT_STANDARD_LIBRARIES = YES;
				CODE_SIGN_STYLE = Automatic;
				CURRENT_PROJECT_VERSION = 1;
				DEVELOPMENT_TEAM = 4L9MK9G9TT;
				GENERATE_INFOPLIST_FILE = YES;
				LD_RUNPATH_SEARCH_PATHS = (
					"$(inherited)",
					"@executable_path/Frameworks",
					"@loader_path/Frameworks",
				);
				MARKETING_VERSION = 1.0;
				PRODUCT_BUNDLE_IDENTIFIER = solosoft.VBCUITests;
				PRODUCT_NAME = "$(TARGET_NAME)";
				SWIFT_EMIT_LOC_STRINGS = NO;
				SWIFT_VERSION = 5.0;
				TARGETED_DEVICE_FAMILY = "1,2";
				TEST_TARGET_NAME = VBC;
			};
			name = Debug;
		};
		D00F0A5D272449F500A6331B /* Release */ = {
			isa = XCBuildConfiguration;
			buildSettings = {
				ALWAYS_EMBED_SWIFT_STANDARD_LIBRARIES = YES;
				CODE_SIGN_STYLE = Automatic;
				CURRENT_PROJECT_VERSION = 1;
				DEVELOPMENT_TEAM = 4L9MK9G9TT;
				GENERATE_INFOPLIST_FILE = YES;
				LD_RUNPATH_SEARCH_PATHS = (
					"$(inherited)",
					"@executable_path/Frameworks",
					"@loader_path/Frameworks",
				);
				MARKETING_VERSION = 1.0;
				PRODUCT_BUNDLE_IDENTIFIER = solosoft.VBCUITests;
				PRODUCT_NAME = "$(TARGET_NAME)";
				SWIFT_EMIT_LOC_STRINGS = NO;
				SWIFT_VERSION = 5.0;
				TARGETED_DEVICE_FAMILY = "1,2";
				TEST_TARGET_NAME = VBC;
			};
			name = Release;
		};
/* End XCBuildConfiguration section */

/* Begin XCConfigurationList section */
		D00F0A26272449EE00A6331B /* Build configuration list for PBXProject "VBC" */ = {
			isa = XCConfigurationList;
			buildConfigurations = (
				D00F0A53272449F500A6331B /* Debug */,
				D00F0A54272449F500A6331B /* Release */,
			);
			defaultConfigurationIsVisible = 0;
			defaultConfigurationName = Release;
		};
		D00F0A55272449F500A6331B /* Build configuration list for PBXNativeTarget "VBC" */ = {
			isa = XCConfigurationList;
			buildConfigurations = (
				D00F0A56272449F500A6331B /* Debug */,
				D00F0A57272449F500A6331B /* Release */,
			);
			defaultConfigurationIsVisible = 0;
			defaultConfigurationName = Release;
		};
		D00F0A58272449F500A6331B /* Build configuration list for PBXNativeTarget "VBCTests" */ = {
			isa = XCConfigurationList;
			buildConfigurations = (
				D00F0A59272449F500A6331B /* Debug */,
				D00F0A5A272449F500A6331B /* Release */,
			);
			defaultConfigurationIsVisible = 0;
			defaultConfigurationName = Release;
		};
		D00F0A5B272449F500A6331B /* Build configuration list for PBXNativeTarget "VBCUITests" */ = {
			isa = XCConfigurationList;
			buildConfigurations = (
				D00F0A5C272449F500A6331B /* Debug */,
				D00F0A5D272449F500A6331B /* Release */,
			);
			defaultConfigurationIsVisible = 0;
			defaultConfigurationName = Release;
		};
/* End XCConfigurationList section */
	};
	rootObject = D00F0A23272449EE00A6331B /* Project object */;
}
